
Microsoft Visual Studio Solution File, Format Version 12.00
# Visual Studio Version 17
VisualStudioVersion = 17.5.33627.172
MinimumVisualStudioVersion = 10.0.40219.1
Project("{9A19103F-16F7-4668-BE54-9A1E7A4F7556}") = "DAL", "DAL\DAL.csproj", "{2C5DEA37-9F30-4111-B875-448C807AFB46}"
EndProject
Project("{FAE04EC0-301F-11D3-BF4B-00C04F79EFBC}") = "WPF", "WPF\WPF.csproj", "{4B38B0C3-0BB8-4AD9-81DF-ED6F25CD14FD}"
EndProject
Global
	GlobalSection(SolutionConfigurationPlatforms) = preSolution
		Debug|Any CPU = Debug|Any CPU
		Release|Any CPU = Release|Any CPU
	EndGlobalSection
	GlobalSection(ProjectConfigurationPlatforms) = postSolution
		{2C5DEA37-9F30-4111-B875-448C807AFB46}.Debug|Any CPU.ActiveCfg = Debug|Any CPU
		{2C5DEA37-9F30-4111-B875-448C807AFB46}.Debug|Any CPU.Build.0 = Debug|Any CPU
		{2C5DEA37-9F30-4111-B875-448C807AFB46}.Release|Any CPU.ActiveCfg = Release|Any CPU
		{2C5DEA37-9F30-4111-B875-448C807AFB46}.Release|Any CPU.Build.0 = Release|Any CPU
		{4B38B0C3-0BB8-4AD9-81DF-ED6F25CD14FD}.Debug|Any CPU.ActiveCfg = Debug|Any CPU
		{4B38B0C3-0BB8-4AD9-81DF-ED6F25CD14FD}.Debug|Any CPU.Build.0 = Debug|Any CPU
		{4B38B0C3-0BB8-4AD9-81DF-ED6F25CD14FD}.Release|Any CPU.ActiveCfg = Release|Any CPU
		{4B38B0C3-0BB8-4AD9-81DF-ED6F25CD14FD}.Release|Any CPU.Build.0 = Release|Any CPU
	EndGlobalSection
	GlobalSection(SolutionProperties) = preSolution
		HideSolutionNode = FALSE
	EndGlobalSection
	GlobalSection(ExtensibilityGlobals) = postSolution
		SolutionGuid = {DEDE6B05-05F1-4BA5-B6E8-420A5B1818C9}
	EndGlobalSection
EndGlobal
